{
  "name": "davinci.js",
  "version": "0.0.3",
  "lockfileVersion": 1,
  "requires": true,
  "dependencies": {
    "@types/angular": {
      "version": "1.6.27",
      "resolved": "https://registry.npmjs.org/@types/angular/-/angular-1.6.27.tgz",
      "integrity": "sha512-wepfn6wCUsYKBt6yUP6hpptUweu6i/MAyDrFHMDayXgiQ5J5Istl48aogoeH/Z7sG1GoLZ7mVg1togq9QG3t0g==",
      "dev": true
    },
    "@types/jquery": {
      "version": "2.0.34",
      "resolved": "https://registry.npmjs.org/@types/jquery/-/jquery-2.0.34.tgz",
      "integrity": "sha1-J2FbNp8w5XIzYSZRTnRnLdpuPQQ=",
      "dev": true
    },
    "@types/qlik-engineapi": {
      "version": "3.2.0",
      "resolved": "https://registry.npmjs.org/@types/qlik-engineapi/-/qlik-engineapi-3.2.0.tgz",
      "integrity": "sha512-gGM652MB2ZfNHHQFVuzjEbUqWXm7ByO4R+FwZl65iSi5TVgjaQIypbdA+Ha+v4NWx/gGLbkLoXWsml+kLwaYLg==",
      "dev": true
    },
    "typescript.events": {
      "version": "6.0.0",
      "resolved": "https://registry.npmjs.org/typescript.events/-/typescript.events-6.0.0.tgz",
      "integrity": "sha1-bnl5WlujVv0HPhaLEsB+/3ucgFY=",
      "dev": true
    }
  }
}
